<?xml version="1.0" encoding="utf-8"?>
<Project ToolsVersion="4.0" xmlns="http://schemas.microsoft.com/developer/msbuild/2003">
  <ItemGroup>
    <Filter Include="Source Files">
      <UniqueIdentifier>{d4b6fc95-b0fd-469f-89a8-f2a09f9acdd2}</UniqueIdentifier>
    </Filter>
    <Filter Include="Source Files\oBasisTests">
      <UniqueIdentifier>{3850b689-21b7-4278-8f91-54db9b2ee8d1}</UniqueIdentifier>
    </Filter>
    <Filter Include="Source Files\oPlatformTests">
      <UniqueIdentifier>{99e96f71-7c22-43fc-a989-f8d17ea6b633}</UniqueIdentifier>
    </Filter>
  </ItemGroup>
  <ItemGroup>
    <ClCompile Include="pch.cpp">
      <Filter>Source Files</Filter>
    </ClCompile>
    <ClCompile Include="..\oPlatform\Tests\TESTDebugger.cpp">
      <Filter>Source Files\oPlatformTests</Filter>
    </ClCompile>
    <ClCompile Include="..\oPlatform\Tests\TESTIntersection.cpp">
      <Filter>Source Files\oPlatformTests</Filter>
    </ClCompile>
    <ClCompile Include="..\oPlatform\Tests\TESTMath.cpp">
      <Filter>Source Files\oPlatformTests</Filter>
    </ClCompile>
    <ClCompile Include="..\oPlatform\Tests\TESTMirroredArena.cpp">
      <Filter>Source Files\oPlatformTests</Filter>
    </ClCompile>
    <ClCompile Include="..\oPlatform\Tests\TESTParallelFor.cpp">
      <Filter>Source Files\oPlatformTests</Filter>
    </ClCompile>
    <ClCompile Include="..\oPlatform\Tests\TESTProcessHeapTrivial.cpp">
      <Filter>Source Files\oPlatformTests</Filter>
    </ClCompile>
    <ClCompile Include="..\oPlatform\Tests\TESTCamera.cpp">
      <Filter>Source Files\oPlatformTests</Filter>
    </ClCompile>
    <ClCompile Include="..\oPlatform\Tests\TESTCPU.cpp">
      <Filter>Source Files\oPlatformTests</Filter>
    </ClCompile>
    <ClCompile Include="..\oPlatform\Tests\TESTString.cpp">
      <Filter>Source Files\oBasisTests</Filter>
    </ClCompile>
    <ClCompile Include="..\oPlatform\Tests\TESTSocketAsync.cpp">
      <Filter>Source Files\oPlatformTests</Filter>
    </ClCompile>
    <ClCompile Include="..\oPlatform\Tests\TESTSocketBlocking.cpp">
      <Filter>Source Files\oPlatformTests</Filter>
    </ClCompile>
    <ClCompile Include="..\oPlatform\Tests\TESTDispatchQueueConcurrentWTP.cpp">
      <Filter>Source Files\oPlatformTests</Filter>
    </ClCompile>
    <ClCompile Include="..\oPlatform\Tests\TESTBasis.cpp">
      <Filter>Source Files\oBasisTests</Filter>
    </ClCompile>
    <ClCompile Include="..\oPlatform\Tests\TESTPath.cpp">
      <Filter>Source Files\oPlatformTests</Filter>
    </ClCompile>
    <ClCompile Include="oUnitTests.cpp">
      <Filter>Source Files</Filter>
    </ClCompile>
    <ClCompile Include="..\oPlatform\Tests\TESTVTable.cpp">
      <Filter>Source Files\oPlatformTests</Filter>
    </ClCompile>
    <ClCompile Include="..\oPlatform\Tests\TESTWindow.cpp">
      <Filter>Source Files\oPlatformTests</Filter>
    </ClCompile>
    <ClCompile Include="..\oPlatform\Tests\TESTD3D.cpp">
      <Filter>Source Files\oPlatformTests</Filter>
    </ClCompile>
    <ClCompile Include="..\oPlatform\Tests\TESTGetVideoDriverDesc.cpp">
      <Filter>Source Files\oPlatformTests</Filter>
    </ClCompile>
    <ClCompile Include="..\oPlatform\Tests\TESTGPU.cpp">
      <Filter>Source Files\oPlatformTests</Filter>
    </ClCompile>
    <ClCompile Include="..\oPlatform\Tests\TESTImage.cpp">
      <Filter>Source Files\oPlatformTests</Filter>
    </ClCompile>
    <ClCompile Include="..\oPlatform\Tests\TESTFileMap.cpp">
      <Filter>Source Files\oPlatformTests</Filter>
    </ClCompile>
    <ClCompile Include="..\oPlatform\Tests\TESTSurfaceFill.cpp">
      <Filter>Source Files\oPlatformTests</Filter>
    </ClCompile>
    <ClCompile Include="..\oPlatform\Tests\TESTCRTLeakTracker.cpp">
      <Filter>Source Files\oPlatformTests</Filter>
    </ClCompile>
    <ClCompile Include="..\oPlatform\Tests\TESTBCEncodeDecode.cpp">
      <Filter>Source Files\oPlatformTests</Filter>
    </ClCompile>
  </ItemGroup>
  <ItemGroup>
    <ClInclude Include="pch.h">
      <Filter>Source Files</Filter>
    </ClInclude>
    <ClInclude Include="resource.h">
      <Filter>Source Files</Filter>
    </ClInclude>
  </ItemGroup>
  <ItemGroup>
    <ResourceCompile Include="oUnitTests.rc">
      <Filter>Source Files</Filter>
    </ResourceCompile>
  </ItemGroup>
</Project>