<?xml version="1.0" encoding="utf-8"?>
<Project ToolsVersion="4.0" xmlns="http://schemas.microsoft.com/developer/msbuild/2003">
  <ItemGroup>
    <Filter Include="Source">
      <UniqueIdentifier>{4b7a15ca-3d19-4142-95f3-1962caeac3d2}</UniqueIdentifier>
    </Filter>
    <Filter Include="oGfx">
      <UniqueIdentifier>{b284f713-4a89-4789-959a-6fcfc3885277}</UniqueIdentifier>
    </Filter>
  </ItemGroup>
  <ItemGroup>
    <ClCompile Include="pch.cpp">
      <Filter>Source</Filter>
    </ClCompile>
    <ClCompile Include="oD3D11Material.cpp">
      <Filter>Source</Filter>
    </ClCompile>
    <ClCompile Include="oD3D11Texture.cpp">
      <Filter>Source</Filter>
    </ClCompile>
    <ClCompile Include="oD3D11Mesh.cpp">
      <Filter>Source</Filter>
    </ClCompile>
    <ClCompile Include="oD3D11Device.cpp">
      <Filter>Source</Filter>
    </ClCompile>
    <ClCompile Include="oD3D11CommandList.cpp">
      <Filter>Source</Filter>
    </ClCompile>
    <ClCompile Include="oD3D11RenderTarget.cpp">
      <Filter>Source</Filter>
    </ClCompile>
    <ClCompile Include="oD3D11Pipeline.cpp">
      <Filter>Source</Filter>
    </ClCompile>
    <ClCompile Include="oD3D11LineList.cpp">
      <Filter>Source</Filter>
    </ClCompile>
  </ItemGroup>
  <ItemGroup>
    <ClInclude Include="pch.h">
      <Filter>Source</Filter>
    </ClInclude>
    <ClInclude Include="..\oGfx\oGfxState.h">
      <Filter>oGfx</Filter>
    </ClInclude>
    <ClInclude Include="..\oGfx\oGfx.h">
      <Filter>oGfx</Filter>
    </ClInclude>
    <ClInclude Include="oGfxCommon.h">
      <Filter>Source</Filter>
    </ClInclude>
    <ClInclude Include="oD3D11Material.h">
      <Filter>Source</Filter>
    </ClInclude>
    <ClInclude Include="oD3D11Texture.h">
      <Filter>Source</Filter>
    </ClInclude>
    <ClInclude Include="oD3D11Mesh.h">
      <Filter>Source</Filter>
    </ClInclude>
    <ClInclude Include="oD3D11Device.h">
      <Filter>Source</Filter>
    </ClInclude>
    <ClInclude Include="oD3D11CommandList.h">
      <Filter>Source</Filter>
    </ClInclude>
    <ClInclude Include="oD3D11RenderTarget.h">
      <Filter>Source</Filter>
    </ClInclude>
    <ClInclude Include="oD3D11Pipeline.h">
      <Filter>Source</Filter>
    </ClInclude>
    <ClInclude Include="oD3D11LineList.h">
      <Filter>Source</Filter>
    </ClInclude>
  </ItemGroup>
</Project>