<?xml version="1.0" encoding="utf-8"?>
<Project ToolsVersion="4.0" xmlns="http://schemas.microsoft.com/developer/msbuild/2003">
  <ItemGroup>
    <Filter Include="Source Files">
      <UniqueIdentifier>{d4b6fc95-b0fd-469f-89a8-f2a09f9acdd2}</UniqueIdentifier>
    </Filter>
  </ItemGroup>
  <ItemGroup>
    <ClCompile Include="oooii_unittests.cpp">
      <Filter>Source Files</Filter>
    </ClCompile>
    <ClCompile Include="pch.cpp">
      <Filter>Source Files</Filter>
    </ClCompile>
    <ClCompile Include="TESTAllocator.cpp">
      <Filter>Source Files</Filter>
    </ClCompile>
    <ClCompile Include="TESTAsyncFileIO.cpp">
      <Filter>Source Files</Filter>
    </ClCompile>
    <ClCompile Include="TESTBuffer.cpp">
      <Filter>Source Files</Filter>
    </ClCompile>
    <ClCompile Include="TESTCommandQueue.cpp">
      <Filter>Source Files</Filter>
    </ClCompile>
    <ClCompile Include="TESTCPU.cpp">
      <Filter>Source Files</Filter>
    </ClCompile>
    <ClCompile Include="TESTD3D.cpp">
      <Filter>Source Files</Filter>
    </ClCompile>
    <ClCompile Include="TESTDebugger.cpp">
      <Filter>Source Files</Filter>
    </ClCompile>
    <ClCompile Include="TESTFilterChain.cpp">
      <Filter>Source Files</Filter>
    </ClCompile>
    <ClCompile Include="TESTGPU.cpp">
      <Filter>Source Files</Filter>
    </ClCompile>
    <ClCompile Include="TESTHash.cpp">
      <Filter>Source Files</Filter>
    </ClCompile>
    <ClCompile Include="TESTImage.cpp">
      <Filter>Source Files</Filter>
    </ClCompile>
    <ClCompile Include="TESTIndexAllocator.cpp">
      <Filter>Source Files</Filter>
    </ClCompile>
    <ClCompile Include="TESTINI.cpp">
      <Filter>Source Files</Filter>
    </ClCompile>
    <ClCompile Include="TESTIntersection.cpp">
      <Filter>Source Files</Filter>
    </ClCompile>
    <ClCompile Include="TESTMath.cpp">
      <Filter>Source Files</Filter>
    </ClCompile>
    <ClCompile Include="TESTMirroredArena.cpp">
      <Filter>Source Files</Filter>
    </ClCompile>
    <ClCompile Include="TESTMOVRleFileDecode.cpp">
      <Filter>Source Files</Filter>
    </ClCompile>
    <ClCompile Include="TESTParallelFor.cpp">
      <Filter>Source Files</Filter>
    </ClCompile>
    <ClCompile Include="TESTPath.cpp">
      <Filter>Source Files</Filter>
    </ClCompile>
    <ClCompile Include="TESTQueues.cpp">
      <Filter>Source Files</Filter>
    </ClCompile>
    <ClCompile Include="TESTSocket.cpp">
      <Filter>Source Files</Filter>
    </ClCompile>
    <ClCompile Include="TESTSocket2.cpp">
      <Filter>Source Files</Filter>
    </ClCompile>
    <ClCompile Include="TESTThreadpool.cpp">
      <Filter>Source Files</Filter>
    </ClCompile>
    <ClCompile Include="TESTURI.cpp">
      <Filter>Source Files</Filter>
    </ClCompile>
    <ClCompile Include="TESTVideoWindow.cpp">
      <Filter>Source Files</Filter>
    </ClCompile>
    <ClCompile Include="TESTVTable.cpp">
      <Filter>Source Files</Filter>
    </ClCompile>
    <ClCompile Include="TESTWebm.cpp">
      <Filter>Source Files</Filter>
    </ClCompile>
    <ClCompile Include="TESTWebmFile.cpp">
      <Filter>Source Files</Filter>
    </ClCompile>
    <ClCompile Include="TESTWindow.cpp">
      <Filter>Source Files</Filter>
    </ClCompile>
    <ClCompile Include="TESTXML.cpp">
      <Filter>Source Files</Filter>
    </ClCompile>
    <ClCompile Include="TESTProcessHeapTrivial.cpp">
      <Filter>Source Files</Filter>
    </ClCompile>
    <ClCompile Include="TESTatof.cpp">
      <Filter>Source Files</Filter>
    </ClCompile>
    <ClCompile Include="TestWebmRaw.cpp">
      <Filter>Source Files</Filter>
    </ClCompile>
  </ItemGroup>
  <ItemGroup>
    <ClInclude Include="pch.h">
      <Filter>Source Files</Filter>
    </ClInclude>
  </ItemGroup>
</Project>