<?xml version="1.0" encoding="utf-8"?>
<Project ToolsVersion="4.0" xmlns="http://schemas.microsoft.com/developer/msbuild/2003">
  <ItemGroup>
    <Filter Include="Headers">
      <UniqueIdentifier>{dda806aa-13b7-4374-9528-25e1c324c232}</UniqueIdentifier>
    </Filter>
    <Filter Include="Source">
      <UniqueIdentifier>{e9fa3a3c-463d-4016-bdc6-781a07097559}</UniqueIdentifier>
    </Filter>
    <Filter Include="Source\Bullet-Vectormathlib">
      <UniqueIdentifier>{100e9195-077e-42f7-8d82-9ee725bfd79b}</UniqueIdentifier>
    </Filter>
    <Filter Include="Headers\oCore">
      <UniqueIdentifier>{24903972-c0a5-4ea7-96d6-5b909ea57824}</UniqueIdentifier>
    </Filter>
    <Filter Include="Headers\oPlatform">
      <UniqueIdentifier>{666f7508-db2b-4929-a181-6579ec0f4696}</UniqueIdentifier>
    </Filter>
    <Filter Include="Headers\ForCodeReview">
      <UniqueIdentifier>{fc522b7c-0c3f-442a-98f0-306d06c7d0a6}</UniqueIdentifier>
    </Filter>
    <Filter Include="Headers\oFoundation">
      <UniqueIdentifier>{24dfa143-a688-4ab6-a1d2-c0615cb3594d}</UniqueIdentifier>
    </Filter>
    <Filter Include="Source\Windows Soft-Link">
      <UniqueIdentifier>{4f23875d-6e9f-491f-b4bb-c2e3d3d000b5}</UniqueIdentifier>
    </Filter>
  </ItemGroup>
  <ItemGroup>
    <ClInclude Include="..\inc\oooii\oooii.h">
      <Filter>Headers</Filter>
    </ClInclude>
    <ClInclude Include="oAllocatorTLSF.h">
      <Filter>Source</Filter>
    </ClInclude>
    <ClInclude Include="oCRTLeakTracker.h">
      <Filter>Source</Filter>
    </ClInclude>
    <ClInclude Include="oKeyState.h">
      <Filter>Source</Filter>
    </ClInclude>
    <ClInclude Include="pch.h">
      <Filter>Source</Filter>
    </ClInclude>
    <ClInclude Include="perlin.h">
      <Filter>Source</Filter>
    </ClInclude>
    <ClInclude Include="..\ext\bullet\vectormathlibrary\include\vectormath\scalar\cpp\mat_aos.h">
      <Filter>Source\Bullet-Vectormathlib</Filter>
    </ClInclude>
    <ClInclude Include="..\ext\bullet\vectormathlibrary\include\vectormath\scalar\cpp\mat_aos_d.h">
      <Filter>Source\Bullet-Vectormathlib</Filter>
    </ClInclude>
    <ClInclude Include="..\ext\bullet\vectormathlibrary\include\vectormath\scalar\cpp\quat_aos.h">
      <Filter>Source\Bullet-Vectormathlib</Filter>
    </ClInclude>
    <ClInclude Include="..\ext\bullet\vectormathlibrary\include\vectormath\scalar\cpp\quat_aos_d.h">
      <Filter>Source\Bullet-Vectormathlib</Filter>
    </ClInclude>
    <ClInclude Include="..\ext\bullet\vectormathlibrary\include\vectormath\scalar\cpp\vec_aos.h">
      <Filter>Source\Bullet-Vectormathlib</Filter>
    </ClInclude>
    <ClInclude Include="..\ext\bullet\vectormathlibrary\include\vectormath\scalar\cpp\vec_aos_d.h">
      <Filter>Source\Bullet-Vectormathlib</Filter>
    </ClInclude>
    <ClInclude Include="..\ext\bullet\vectormathlibrary\include\vectormath\scalar\cpp\vectormath_aos.h">
      <Filter>Source\Bullet-Vectormathlib</Filter>
    </ClInclude>
    <ClInclude Include="..\ext\bullet\vectormathlibrary\include\vectormath\scalar\cpp\vectormath_aos_d.h">
      <Filter>Source\Bullet-Vectormathlib</Filter>
    </ClInclude>
    <ClInclude Include="..\inc\oooii\oBit.h">
      <Filter>Headers\oCore</Filter>
    </ClInclude>
    <ClInclude Include="..\inc\oooii\oAtof.h">
      <Filter>Headers\oCore</Filter>
    </ClInclude>
    <ClInclude Include="..\inc\oooii\oAssert.h">
      <Filter>Headers\oCore</Filter>
    </ClInclude>
    <ClInclude Include="..\inc\oooii\oIntrinsic.h">
      <Filter>Headers\oCore</Filter>
    </ClInclude>
    <ClInclude Include="..\inc\oooii\oLimits.h">
      <Filter>Headers\oCore</Filter>
    </ClInclude>
    <ClInclude Include="..\inc\oooii\oErrno.h">
      <Filter>Headers\oCore</Filter>
    </ClInclude>
    <ClInclude Include="..\inc\oooii\oSwizzle.h">
      <Filter>Headers\oCore</Filter>
    </ClInclude>
    <ClInclude Include="..\inc\oooii\oMath.h">
      <Filter>Headers\oCore</Filter>
    </ClInclude>
    <ClInclude Include="..\inc\oooii\oMathTypes.h">
      <Filter>Headers\oCore</Filter>
    </ClInclude>
    <ClInclude Include="..\inc\oooii\oMathInternalHLSL.h">
      <Filter>Headers\oCore</Filter>
    </ClInclude>
    <ClInclude Include="..\inc\oooii\oMathInternalTypes.h">
      <Filter>Headers\oCore</Filter>
    </ClInclude>
    <ClInclude Include="..\inc\oooii\oWindow.h">
      <Filter>Headers\oPlatform</Filter>
    </ClInclude>
    <ClInclude Include="..\inc\oooii\oWindows.h">
      <Filter>Headers\oPlatform</Filter>
    </ClInclude>
    <ClInclude Include="..\inc\oooii\oThread.h">
      <Filter>Headers\oPlatform</Filter>
    </ClInclude>
    <ClInclude Include="..\inc\oooii\oThreadpool.h">
      <Filter>Headers\oPlatform</Filter>
    </ClInclude>
    <ClInclude Include="..\inc\oooii\oProcessHeap.h">
      <Filter>Headers\oPlatform</Filter>
    </ClInclude>
    <ClInclude Include="..\inc\oooii\oProcess.h">
      <Filter>Headers\oPlatform</Filter>
    </ClInclude>
    <ClInclude Include="..\inc\oooii\oNonCopyable.h">
      <Filter>Headers\oCore</Filter>
    </ClInclude>
    <ClInclude Include="..\inc\oooii\oStdAlloc.h">
      <Filter>Headers\oCore</Filter>
    </ClInclude>
    <ClInclude Include="..\inc\oooii\oSTL.h">
      <Filter>Headers\oCore</Filter>
    </ClInclude>
    <ClInclude Include="..\inc\oooii\oStddef.h">
      <Filter>Headers\oCore</Filter>
    </ClInclude>
    <ClInclude Include="..\inc\oooii\oString.h">
      <Filter>Headers\oCore</Filter>
    </ClInclude>
    <ClInclude Include="..\inc\oooii\oCPU.h">
      <Filter>Headers\oPlatform</Filter>
    </ClInclude>
    <ClInclude Include="..\inc\oooii\oDebugger.h">
      <Filter>Headers\oPlatform</Filter>
    </ClInclude>
    <ClInclude Include="..\inc\oooii\oColor.h">
      <Filter>Headers\oCore</Filter>
    </ClInclude>
    <ClInclude Include="..\inc\oooii\oGUID.h">
      <Filter>Headers\oCore</Filter>
    </ClInclude>
    <ClInclude Include="..\inc\oooii\oInterface.h">
      <Filter>Headers\oCore</Filter>
    </ClInclude>
    <ClInclude Include="..\inc\oooii\oByte.h">
      <Filter>Headers\oCore</Filter>
    </ClInclude>
    <ClInclude Include="..\inc\oooii\oEightCC.h">
      <Filter>Headers\oCore</Filter>
    </ClInclude>
    <ClInclude Include="..\inc\oooii\oRef.h">
      <Filter>Headers\oCore</Filter>
    </ClInclude>
    <ClInclude Include="..\inc\oooii\oRefCount.h">
      <Filter>Headers\oCore</Filter>
    </ClInclude>
    <ClInclude Include="..\inc\oooii\oAtomic.h">
      <Filter>Headers\oCore</Filter>
    </ClInclude>
    <ClInclude Include="..\inc\oooii\oConsole.h">
      <Filter>Headers\oPlatform</Filter>
    </ClInclude>
    <ClInclude Include="..\inc\oooii\oHeap.h">
      <Filter>Headers\oPlatform</Filter>
    </ClInclude>
    <ClInclude Include="..\inc\oooii\oGPU.h">
      <Filter>Headers\oPlatform</Filter>
    </ClInclude>
    <ClInclude Include="..\inc\oooii\oINI.h">
      <Filter>Headers\oCore</Filter>
    </ClInclude>
    <ClInclude Include="..\inc\oooii\oLockedPointer.h">
      <Filter>Headers\oCore</Filter>
    </ClInclude>
    <ClInclude Include="..\inc\oooii\oAllocator.h">
      <Filter>Headers\oCore</Filter>
    </ClInclude>
    <ClInclude Include="..\inc\oooii\oAllocatorTLSF.h">
      <Filter>Headers\oCore</Filter>
    </ClInclude>
    <ClInclude Include="..\inc\oooii\oMemoryMappedFile.h">
      <Filter>Headers\oPlatform</Filter>
    </ClInclude>
    <ClInclude Include="..\inc\oooii\oMirroredArena.h">
      <Filter>Headers\oPlatform</Filter>
    </ClInclude>
    <ClInclude Include="..\inc\oooii\oModule.h">
      <Filter>Headers\oPlatform</Filter>
    </ClInclude>
    <ClInclude Include="..\inc\oooii\oSize.h">
      <Filter>Headers\oCore</Filter>
    </ClInclude>
    <ClInclude Include="..\inc\oooii\oLibc.h">
      <Filter>Headers\oCore</Filter>
    </ClInclude>
    <ClInclude Include="..\inc\oooii\oSocket.h">
      <Filter>Headers\oPlatform</Filter>
    </ClInclude>
    <ClInclude Include="..\inc\oooii\oPageAllocator.h">
      <Filter>Headers\oPlatform</Filter>
    </ClInclude>
    <ClInclude Include="..\inc\oooii\oURI.h">
      <Filter>Headers\oCore</Filter>
    </ClInclude>
    <ClInclude Include="..\inc\oooii\oHash.h">
      <Filter>Headers\oCore</Filter>
    </ClInclude>
    <ClInclude Include="..\inc\oooii\oLockFreeQueue.h">
      <Filter>Headers\oCore</Filter>
    </ClInclude>
    <ClInclude Include="..\inc\oooii\oLockFreeRingBuffer.h">
      <Filter>Headers\oCore</Filter>
    </ClInclude>
    <ClInclude Include="..\inc\oooii\oHLSL.h">
      <Filter>Headers\oCore</Filter>
    </ClInclude>
    <ClInclude Include="..\inc\oooii\oDisplay.h">
      <Filter>Headers\oPlatform</Filter>
    </ClInclude>
    <ClInclude Include="..\inc\oooii\oIndexAllocator.h">
      <Filter>Headers\oCore</Filter>
    </ClInclude>
    <ClInclude Include="..\inc\oooii\oType.h">
      <Filter>Headers\oCore</Filter>
    </ClInclude>
    <ClInclude Include="..\inc\oooii\oFilterChain.h">
      <Filter>Headers\oCore</Filter>
    </ClInclude>
    <ClInclude Include="..\inc\oooii\oPooledAllocator.h">
      <Filter>Headers\oCore</Filter>
    </ClInclude>
    <ClInclude Include="..\inc\oooii\oHashString.h">
      <Filter>Headers\ForCodeReview</Filter>
    </ClInclude>
    <ClInclude Include="..\inc\oooii\oVideoCodec.h">
      <Filter>Headers\ForCodeReview</Filter>
    </ClInclude>
    <ClInclude Include="..\inc\oooii\oVTable.h">
      <Filter>Headers\oPlatform</Filter>
    </ClInclude>
    <ClInclude Include="..\inc\oooii\oDescUtil.h">
      <Filter>Headers\ForCodeReview</Filter>
    </ClInclude>
    <ClInclude Include="..\inc\oooii\oMetaProgramming.h">
      <Filter>Headers\oCore</Filter>
    </ClInclude>
    <ClInclude Include="..\inc\oooii\oImage.h">
      <Filter>Headers\ForCodeReview</Filter>
    </ClInclude>
    <ClInclude Include="..\inc\oooii\oFibering.h">
      <Filter>Headers\ForCodeReview</Filter>
    </ClInclude>
    <ClInclude Include="..\inc\oooii\oConcurrentIndexAllocator.h">
      <Filter>Headers\oCore</Filter>
    </ClInclude>
    <ClInclude Include="..\inc\oooii\oConcurrentPooledAllocator.h">
      <Filter>Headers\oCore</Filter>
    </ClInclude>
    <ClInclude Include="..\inc\oooii\oEvent.h">
      <Filter>Headers\oPlatform</Filter>
    </ClInclude>
    <ClInclude Include="..\inc\oooii\oConcurrentQueueOptimisticFIFO.h">
      <Filter>Headers\oCore</Filter>
    </ClInclude>
    <ClInclude Include="..\inc\oooii\oConcurrentQueueMS.h">
      <Filter>Headers\oCore</Filter>
    </ClInclude>
    <ClInclude Include="..\inc\oooii\oTaggedPointer.h">
      <Filter>Headers\oCore</Filter>
    </ClInclude>
    <ClInclude Include="..\inc\oooii\oD3D11.h">
      <Filter>Headers\oPlatform</Filter>
    </ClInclude>
    <ClInclude Include="..\inc\oooii\oD3D10.h">
      <Filter>Headers\oPlatform</Filter>
    </ClInclude>
    <ClInclude Include="..\inc\oooii\oNetworking.h">
      <Filter>Headers\oPlatform</Filter>
    </ClInclude>
    <ClInclude Include="..\inc\oooii\oBufferPool.h">
      <Filter>Headers\oCore</Filter>
    </ClInclude>
    <ClInclude Include="..\inc\oooii\oTest.h">
      <Filter>Headers\ForCodeReview</Filter>
    </ClInclude>
    <ClInclude Include="..\inc\oooii\oManipulator.h">
      <Filter>Headers\oCore</Filter>
    </ClInclude>
    <ClInclude Include="..\inc\oooii\oArcball.h">
      <Filter>Headers\oCore</Filter>
    </ClInclude>
    <ClInclude Include="..\inc\oooii\oBitStream.h">
      <Filter>Headers\ForCodeReview</Filter>
    </ClInclude>
    <ClInclude Include="..\inc\oooii\oSingleton.h">
      <Filter>Headers\ForCodeReview</Filter>
    </ClInclude>
    <ClInclude Include="..\inc\oooii\oOBJLoader.h">
      <Filter>Headers\ForCodeReview</Filter>
    </ClInclude>
    <ClInclude Include="..\inc\oooii\oMemory.h">
      <Filter>Headers\oCore</Filter>
    </ClInclude>
    <ClInclude Include="..\inc\oooii\oFile.h">
      <Filter>Headers\oPlatform</Filter>
    </ClInclude>
    <ClInclude Include="..\inc\oooii\oSerialization.h">
      <Filter>Headers\oPlatform</Filter>
    </ClInclude>
    <ClInclude Include="..\inc\oooii\oSurface.h">
      <Filter>Headers\oCore</Filter>
    </ClInclude>
    <ClInclude Include="..\inc\oooii\oBuffer.h">
      <Filter>Headers\oCore</Filter>
    </ClInclude>
    <ClInclude Include="..\inc\oooii\oGeometry.h">
      <Filter>Headers\oCore</Filter>
    </ClInclude>
    <ClInclude Include="..\inc\oooii\oLockedVector.h">
      <Filter>Headers\oCore</Filter>
    </ClInclude>
    <ClInclude Include="..\inc\oooii\oXML.h">
      <Filter>Headers\oCore</Filter>
    </ClInclude>
    <ClInclude Include="..\inc\oooii\oD3DX11.h">
      <Filter>Headers\oPlatform</Filter>
    </ClInclude>
    <ClInclude Include="..\inc\oooii\oAsyncFileIO.h">
      <Filter>Headers\oPlatform</Filter>
    </ClInclude>
    <ClInclude Include="..\inc\oooii\oTimerHelpers.h">
      <Filter>Headers\oCore</Filter>
    </ClInclude>
    <ClInclude Include="..\inc\oooii\oP4.h">
      <Filter>Headers\oCore</Filter>
    </ClInclude>
    <ClInclude Include="..\inc\oooii\oThreading.h">
      <Filter>Headers\oFoundation</Filter>
    </ClInclude>
    <ClInclude Include="..\inc\oooii\oStdio.h">
      <Filter>Headers\oFoundation</Filter>
    </ClInclude>
    <ClInclude Include="..\inc\oooii\oMutex.h">
      <Filter>Headers\oFoundation</Filter>
    </ClInclude>
    <ClInclude Include="..\inc\oooii\oPath.h">
      <Filter>Headers\oCore</Filter>
    </ClInclude>
    <ClInclude Include="..\inc\oooii\oCheckedAssignment.h">
      <Filter>Headers\oCore</Filter>
    </ClInclude>
    <ClInclude Include="..\inc\oooii\oCommandQueueSingleThread.h">
      <Filter>Headers\ForCodeReview</Filter>
    </ClInclude>
    <ClInclude Include="..\inc\oooii\oCommandQueue.h">
      <Filter>Headers\oCore</Filter>
    </ClInclude>
    <ClInclude Include="..\inc\oooii\oIndex.h">
      <Filter>Headers\oCore</Filter>
    </ClInclude>
    <ClInclude Include="..\inc\oooii\oStringID.h">
      <Filter>Headers\oCore</Filter>
    </ClInclude>
    <ClInclude Include="..\inc\oooii\oHLSLDeferredView.h">
      <Filter>Headers\oCore</Filter>
    </ClInclude>
    <ClInclude Include="oWinsock.h">
      <Filter>Source\Windows Soft-Link</Filter>
    </ClInclude>
    <ClInclude Include="oWinPSAPI.h">
      <Filter>Source\Windows Soft-Link</Filter>
    </ClInclude>
    <ClInclude Include="oDbgHelp.h">
      <Filter>Source\Windows Soft-Link</Filter>
    </ClInclude>
    <ClInclude Include="oWinDWMAPI.h">
      <Filter>Source\Windows Soft-Link</Filter>
    </ClInclude>
    <ClInclude Include="..\inc\oooii\oMouse.h">
      <Filter>Headers\oPlatform</Filter>
    </ClInclude>
    <ClInclude Include="..\inc\oooii\oMsgBox.h">
      <Filter>Headers\oPlatform</Filter>
    </ClInclude>
    <ClInclude Include="..\inc\oooii\oKeyboard.h">
      <Filter>Headers\oPlatform</Filter>
    </ClInclude>
    <ClInclude Include="..\inc\oooii\oMutexInternal.h">
      <Filter>Headers\oFoundation</Filter>
    </ClInclude>
    <ClInclude Include="oIOCP.h">
      <Filter>Source\Windows Soft-Link</Filter>
    </ClInclude>
    <ClInclude Include="..\inc\oooii\oStandards.h">
      <Filter>Headers\oPlatform</Filter>
    </ClInclude>
    <ClInclude Include="..\inc\oooii\oCountdownLatch.h">
      <Filter>Headers\oPlatform</Filter>
    </ClInclude>
  </ItemGroup>
  <ItemGroup>
    <ClCompile Include="oAllocator.cpp">
      <Filter>Source</Filter>
    </ClCompile>
    <ClCompile Include="oAllocatorTLSF.cpp">
      <Filter>Source</Filter>
    </ClCompile>
    <ClCompile Include="oArcball.cpp">
      <Filter>Source</Filter>
    </ClCompile>
    <ClCompile Include="oAssert.cpp">
      <Filter>Source</Filter>
    </ClCompile>
    <ClCompile Include="oBuffer.cpp">
      <Filter>Source</Filter>
    </ClCompile>
    <ClCompile Include="oBufferPool.cpp">
      <Filter>Source</Filter>
    </ClCompile>
    <ClCompile Include="oColor.cpp">
      <Filter>Source</Filter>
    </ClCompile>
    <ClCompile Include="oConcurrentIndexAllocator.cpp">
      <Filter>Source</Filter>
    </ClCompile>
    <ClCompile Include="oConsole.cpp">
      <Filter>Source</Filter>
    </ClCompile>
    <ClCompile Include="oCPU.cpp">
      <Filter>Source</Filter>
    </ClCompile>
    <ClCompile Include="oCRTLeakTracker.cpp">
      <Filter>Source</Filter>
    </ClCompile>
    <ClCompile Include="oD3D10.cpp">
      <Filter>Source</Filter>
    </ClCompile>
    <ClCompile Include="oD3D11.cpp">
      <Filter>Source</Filter>
    </ClCompile>
    <ClCompile Include="oDebugger.cpp">
      <Filter>Source</Filter>
    </ClCompile>
    <ClCompile Include="oDisplay.cpp">
      <Filter>Source</Filter>
    </ClCompile>
    <ClCompile Include="oErrno.cpp">
      <Filter>Source</Filter>
    </ClCompile>
    <ClCompile Include="oEvent.cpp">
      <Filter>Source</Filter>
    </ClCompile>
    <ClCompile Include="oFilterChain.cpp">
      <Filter>Source</Filter>
    </ClCompile>
    <ClCompile Include="oGeometry.cpp">
      <Filter>Source</Filter>
    </ClCompile>
    <ClCompile Include="oGPU.cpp">
      <Filter>Source</Filter>
    </ClCompile>
    <ClCompile Include="oGUID.cpp">
      <Filter>Source</Filter>
    </ClCompile>
    <ClCompile Include="oHash.cpp">
      <Filter>Source</Filter>
    </ClCompile>
    <ClCompile Include="oHeap.cpp">
      <Filter>Source</Filter>
    </ClCompile>
    <ClCompile Include="oImage.cpp">
      <Filter>Source</Filter>
    </ClCompile>
    <ClCompile Include="oIndexAllocator.cpp">
      <Filter>Source</Filter>
    </ClCompile>
    <ClCompile Include="oINI.cpp">
      <Filter>Source</Filter>
    </ClCompile>
    <ClCompile Include="oInterface.cpp">
      <Filter>Source</Filter>
    </ClCompile>
    <ClCompile Include="oKeyboard.cpp">
      <Filter>Source</Filter>
    </ClCompile>
    <ClCompile Include="oMath.cpp">
      <Filter>Source</Filter>
    </ClCompile>
    <ClCompile Include="oMemoryMappedFile.cpp">
      <Filter>Source</Filter>
    </ClCompile>
    <ClCompile Include="oMirroredArena.cpp">
      <Filter>Source</Filter>
    </ClCompile>
    <ClCompile Include="oMouse.cpp">
      <Filter>Source</Filter>
    </ClCompile>
    <ClCompile Include="oMsgBox.cpp">
      <Filter>Source</Filter>
    </ClCompile>
    <ClCompile Include="oOBJLoader.cpp">
      <Filter>Source</Filter>
    </ClCompile>
    <ClCompile Include="oooii_icon.cpp">
      <Filter>Source</Filter>
    </ClCompile>
    <ClCompile Include="oP4.cpp">
      <Filter>Source</Filter>
    </ClCompile>
    <ClCompile Include="oPageAllocator.cpp">
      <Filter>Source</Filter>
    </ClCompile>
    <ClCompile Include="oPath.cpp">
      <Filter>Source</Filter>
    </ClCompile>
    <ClCompile Include="oProcess.cpp">
      <Filter>Source</Filter>
    </ClCompile>
    <ClCompile Include="oSingleton.cpp">
      <Filter>Source</Filter>
    </ClCompile>
    <ClCompile Include="oSocket.cpp">
      <Filter>Source</Filter>
    </ClCompile>
    <ClCompile Include="oStdio.cpp">
      <Filter>Source</Filter>
    </ClCompile>
    <ClCompile Include="oSTL.cpp">
      <Filter>Source</Filter>
    </ClCompile>
    <ClCompile Include="oString.cpp">
      <Filter>Source</Filter>
    </ClCompile>
    <ClCompile Include="oSurface.cpp">
      <Filter>Source</Filter>
    </ClCompile>
    <ClCompile Include="oTest.cpp">
      <Filter>Source</Filter>
    </ClCompile>
    <ClCompile Include="oThread.cpp">
      <Filter>Source</Filter>
    </ClCompile>
    <ClCompile Include="oThreading.cpp">
      <Filter>Source</Filter>
    </ClCompile>
    <ClCompile Include="oThreadingTBB.cpp">
      <Filter>Source</Filter>
    </ClCompile>
    <ClCompile Include="oThreadpool.cpp">
      <Filter>Source</Filter>
    </ClCompile>
    <ClCompile Include="oType.cpp">
      <Filter>Source</Filter>
    </ClCompile>
    <ClCompile Include="oURI.cpp">
      <Filter>Source</Filter>
    </ClCompile>
    <ClCompile Include="oVTable.cpp">
      <Filter>Source</Filter>
    </ClCompile>
    <ClCompile Include="oWindow.cpp">
      <Filter>Source</Filter>
    </ClCompile>
    <ClCompile Include="oWindows.cpp">
      <Filter>Source</Filter>
    </ClCompile>
    <ClCompile Include="oXML.cpp">
      <Filter>Source</Filter>
    </ClCompile>
    <ClCompile Include="pch.cpp">
      <Filter>Source</Filter>
    </ClCompile>
    <ClCompile Include="perlin.cpp">
      <Filter>Source</Filter>
    </ClCompile>
    <ClCompile Include="oModule.cpp">
      <Filter>Source</Filter>
    </ClCompile>
    <ClCompile Include="oProcessHeap.cpp">
      <Filter>Source</Filter>
    </ClCompile>
    <ClCompile Include="oMemory.cpp">
      <Filter>Source</Filter>
    </ClCompile>
    <ClCompile Include="oFile.cpp">
      <Filter>Source</Filter>
    </ClCompile>
    <ClCompile Include="oMutex.cpp">
      <Filter>Source</Filter>
    </ClCompile>
    <ClCompile Include="oD3DX11.cpp">
      <Filter>Source</Filter>
    </ClCompile>
    <ClCompile Include="oAsyncFileIO.cpp">
      <Filter>Source</Filter>
    </ClCompile>
    <ClCompile Include="oTimerHelpers.cpp">
      <Filter>Source</Filter>
    </ClCompile>
    <ClCompile Include="oCommandQueue.cpp">
      <Filter>Source</Filter>
    </ClCompile>
    <ClCompile Include="oCommandQueueSingleThread.cpp">
      <Filter>Source</Filter>
    </ClCompile>
    <ClCompile Include="oWinsock.cpp">
      <Filter>Source\Windows Soft-Link</Filter>
    </ClCompile>
    <ClCompile Include="oWinPSAPI.cpp">
      <Filter>Source\Windows Soft-Link</Filter>
    </ClCompile>
    <ClCompile Include="oDbgHelp.cpp">
      <Filter>Source\Windows Soft-Link</Filter>
    </ClCompile>
    <ClCompile Include="oWinDWMAPI.cpp">
      <Filter>Source\Windows Soft-Link</Filter>
    </ClCompile>
    <ClCompile Include="oIOCP.cpp">
      <Filter>Source\Windows Soft-Link</Filter>
    </ClCompile>
    <ClCompile Include="oStandards.cpp">
      <Filter>Source</Filter>
    </ClCompile>
    <ClCompile Include="oCountdownLatch.cpp">
      <Filter>Source</Filter>
    </ClCompile>
  </ItemGroup>
  <ItemGroup>
    <FXC Include="oHLSLFSQuad.sh">
      <Filter>Source</Filter>
    </FXC>
    <FXC Include="oHLSLPassthrough.sh">
      <Filter>Source</Filter>
    </FXC>
  </ItemGroup>
</Project>