
Microsoft Visual Studio Solution File, Format Version 11.00
# Visual Studio 2010
Project("{8BC9CEB8-8B4A-11D0-8D11-00A0C91BC942}") = "oooii", "oooii\oooii.vcxproj", "{8EB33511-EED5-48AC-99F9-EFA2A34BB2DD}"
EndProject
Project("{8BC9CEB8-8B4A-11D0-8D11-00A0C91BC942}") = "oooii_unittests", "oooii\oooii_unittests.vcxproj", "{42F867E9-C145-466B-8515-C9633E1E7C6F}"
EndProject
Project("{8BC9CEB8-8B4A-11D0-8D11-00A0C91BC942}") = "ofile2cpp", "oFile2cpp\ofile2cpp.vcxproj", "{D7283A6E-6614-4AD6-969C-54528F7432C3}"
EndProject
Project("{8BC9CEB8-8B4A-11D0-8D11-00A0C91BC942}") = "oVideoConverter", "oVideoConverter\oVideoConverter.vcxproj", "{5EC1936E-8395-46EA-B0CD-62202E77A9A6}"
	ProjectSection(ProjectDependencies) = postProject
		{731EA328-4A4D-4D70-8C01-778174C98BB9} = {731EA328-4A4D-4D70-8C01-778174C98BB9}
	EndProjectSection
EndProject
Project("{8BC9CEB8-8B4A-11D0-8D11-00A0C91BC942}") = "oVideo", "oVideo\oVideo.vcxproj", "{731EA328-4A4D-4D70-8C01-778174C98BB9}"
EndProject
Project("{8BC9CEB8-8B4A-11D0-8D11-00A0C91BC942}") = "oGfx", "oGfx\oGfx.vcxproj", "{FC6B7C0D-91A9-4582-9D61-2A76950474EB}"
EndProject
Global
	GlobalSection(SolutionConfigurationPlatforms) = preSolution
		Debug|Win32 = Debug|Win32
		Debug|x64 = Debug|x64
		Release|Win32 = Release|Win32
		Release|x64 = Release|x64
		vc90_Debug|Win32 = vc90_Debug|Win32
		vc90_Debug|x64 = vc90_Debug|x64
		vc90_Release|Win32 = vc90_Release|Win32
		vc90_Release|x64 = vc90_Release|x64
	EndGlobalSection
	GlobalSection(ProjectConfigurationPlatforms) = postSolution
		{8EB33511-EED5-48AC-99F9-EFA2A34BB2DD}.Debug|Win32.ActiveCfg = Debug|Win32
		{8EB33511-EED5-48AC-99F9-EFA2A34BB2DD}.Debug|Win32.Build.0 = Debug|Win32
		{8EB33511-EED5-48AC-99F9-EFA2A34BB2DD}.Debug|x64.ActiveCfg = Debug|x64
		{8EB33511-EED5-48AC-99F9-EFA2A34BB2DD}.Debug|x64.Build.0 = Debug|x64
		{8EB33511-EED5-48AC-99F9-EFA2A34BB2DD}.Release|Win32.ActiveCfg = Release|Win32
		{8EB33511-EED5-48AC-99F9-EFA2A34BB2DD}.Release|Win32.Build.0 = Release|Win32
		{8EB33511-EED5-48AC-99F9-EFA2A34BB2DD}.Release|x64.ActiveCfg = Release|x64
		{8EB33511-EED5-48AC-99F9-EFA2A34BB2DD}.Release|x64.Build.0 = Release|x64
		{8EB33511-EED5-48AC-99F9-EFA2A34BB2DD}.vc90_Debug|Win32.ActiveCfg = vc90_Debug|Win32
		{8EB33511-EED5-48AC-99F9-EFA2A34BB2DD}.vc90_Debug|Win32.Build.0 = vc90_Debug|Win32
		{8EB33511-EED5-48AC-99F9-EFA2A34BB2DD}.vc90_Debug|x64.ActiveCfg = vc90_Debug|x64
		{8EB33511-EED5-48AC-99F9-EFA2A34BB2DD}.vc90_Debug|x64.Build.0 = vc90_Debug|x64
		{8EB33511-EED5-48AC-99F9-EFA2A34BB2DD}.vc90_Release|Win32.ActiveCfg = vc90_Release|Win32
		{8EB33511-EED5-48AC-99F9-EFA2A34BB2DD}.vc90_Release|Win32.Build.0 = vc90_Release|Win32
		{8EB33511-EED5-48AC-99F9-EFA2A34BB2DD}.vc90_Release|x64.ActiveCfg = vc90_Release|x64
		{8EB33511-EED5-48AC-99F9-EFA2A34BB2DD}.vc90_Release|x64.Build.0 = vc90_Release|x64
		{42F867E9-C145-466B-8515-C9633E1E7C6F}.Debug|Win32.ActiveCfg = Debug|Win32
		{42F867E9-C145-466B-8515-C9633E1E7C6F}.Debug|Win32.Build.0 = Debug|Win32
		{42F867E9-C145-466B-8515-C9633E1E7C6F}.Debug|x64.ActiveCfg = Debug|x64
		{42F867E9-C145-466B-8515-C9633E1E7C6F}.Debug|x64.Build.0 = Debug|x64
		{42F867E9-C145-466B-8515-C9633E1E7C6F}.Release|Win32.ActiveCfg = Release|Win32
		{42F867E9-C145-466B-8515-C9633E1E7C6F}.Release|Win32.Build.0 = Release|Win32
		{42F867E9-C145-466B-8515-C9633E1E7C6F}.Release|x64.ActiveCfg = Release|x64
		{42F867E9-C145-466B-8515-C9633E1E7C6F}.Release|x64.Build.0 = Release|x64
		{42F867E9-C145-466B-8515-C9633E1E7C6F}.vc90_Debug|Win32.ActiveCfg = Debug|Win32
		{42F867E9-C145-466B-8515-C9633E1E7C6F}.vc90_Debug|x64.ActiveCfg = Debug|x64
		{42F867E9-C145-466B-8515-C9633E1E7C6F}.vc90_Release|Win32.ActiveCfg = Release|Win32
		{42F867E9-C145-466B-8515-C9633E1E7C6F}.vc90_Release|x64.ActiveCfg = Release|x64
		{D7283A6E-6614-4AD6-969C-54528F7432C3}.Debug|Win32.ActiveCfg = Debug|Win32
		{D7283A6E-6614-4AD6-969C-54528F7432C3}.Debug|Win32.Build.0 = Debug|Win32
		{D7283A6E-6614-4AD6-969C-54528F7432C3}.Debug|x64.ActiveCfg = Debug|x64
		{D7283A6E-6614-4AD6-969C-54528F7432C3}.Debug|x64.Build.0 = Debug|x64
		{D7283A6E-6614-4AD6-969C-54528F7432C3}.Release|Win32.ActiveCfg = Release|Win32
		{D7283A6E-6614-4AD6-969C-54528F7432C3}.Release|Win32.Build.0 = Release|Win32
		{D7283A6E-6614-4AD6-969C-54528F7432C3}.Release|x64.ActiveCfg = Release|x64
		{D7283A6E-6614-4AD6-969C-54528F7432C3}.Release|x64.Build.0 = Release|x64
		{D7283A6E-6614-4AD6-969C-54528F7432C3}.vc90_Debug|Win32.ActiveCfg = Debug|Win32
		{D7283A6E-6614-4AD6-969C-54528F7432C3}.vc90_Debug|Win32.Build.0 = Debug|Win32
		{D7283A6E-6614-4AD6-969C-54528F7432C3}.vc90_Debug|x64.ActiveCfg = Debug|x64
		{D7283A6E-6614-4AD6-969C-54528F7432C3}.vc90_Debug|x64.Build.0 = Debug|x64
		{D7283A6E-6614-4AD6-969C-54528F7432C3}.vc90_Release|Win32.ActiveCfg = Release|Win32
		{D7283A6E-6614-4AD6-969C-54528F7432C3}.vc90_Release|Win32.Build.0 = Release|Win32
		{D7283A6E-6614-4AD6-969C-54528F7432C3}.vc90_Release|x64.ActiveCfg = Release|x64
		{D7283A6E-6614-4AD6-969C-54528F7432C3}.vc90_Release|x64.Build.0 = Release|x64
		{5EC1936E-8395-46EA-B0CD-62202E77A9A6}.Debug|Win32.ActiveCfg = Debug|Win32
		{5EC1936E-8395-46EA-B0CD-62202E77A9A6}.Debug|Win32.Build.0 = Debug|Win32
		{5EC1936E-8395-46EA-B0CD-62202E77A9A6}.Debug|x64.ActiveCfg = Debug|x64
		{5EC1936E-8395-46EA-B0CD-62202E77A9A6}.Debug|x64.Build.0 = Debug|x64
		{5EC1936E-8395-46EA-B0CD-62202E77A9A6}.Release|Win32.ActiveCfg = Release|Win32
		{5EC1936E-8395-46EA-B0CD-62202E77A9A6}.Release|Win32.Build.0 = Release|Win32
		{5EC1936E-8395-46EA-B0CD-62202E77A9A6}.Release|x64.ActiveCfg = Release|x64
		{5EC1936E-8395-46EA-B0CD-62202E77A9A6}.Release|x64.Build.0 = Release|x64
		{5EC1936E-8395-46EA-B0CD-62202E77A9A6}.vc90_Debug|Win32.ActiveCfg = Debug|Win32
		{5EC1936E-8395-46EA-B0CD-62202E77A9A6}.vc90_Debug|Win32.Build.0 = Debug|Win32
		{5EC1936E-8395-46EA-B0CD-62202E77A9A6}.vc90_Debug|x64.ActiveCfg = Debug|x64
		{5EC1936E-8395-46EA-B0CD-62202E77A9A6}.vc90_Debug|x64.Build.0 = Debug|x64
		{5EC1936E-8395-46EA-B0CD-62202E77A9A6}.vc90_Release|Win32.ActiveCfg = Release|Win32
		{5EC1936E-8395-46EA-B0CD-62202E77A9A6}.vc90_Release|Win32.Build.0 = Release|Win32
		{5EC1936E-8395-46EA-B0CD-62202E77A9A6}.vc90_Release|x64.ActiveCfg = Release|x64
		{5EC1936E-8395-46EA-B0CD-62202E77A9A6}.vc90_Release|x64.Build.0 = Release|x64
		{731EA328-4A4D-4D70-8C01-778174C98BB9}.Debug|Win32.ActiveCfg = Debug|Win32
		{731EA328-4A4D-4D70-8C01-778174C98BB9}.Debug|Win32.Build.0 = Debug|Win32
		{731EA328-4A4D-4D70-8C01-778174C98BB9}.Debug|x64.ActiveCfg = Debug|x64
		{731EA328-4A4D-4D70-8C01-778174C98BB9}.Debug|x64.Build.0 = Debug|x64
		{731EA328-4A4D-4D70-8C01-778174C98BB9}.Release|Win32.ActiveCfg = Release|Win32
		{731EA328-4A4D-4D70-8C01-778174C98BB9}.Release|Win32.Build.0 = Release|Win32
		{731EA328-4A4D-4D70-8C01-778174C98BB9}.Release|x64.ActiveCfg = Release|x64
		{731EA328-4A4D-4D70-8C01-778174C98BB9}.Release|x64.Build.0 = Release|x64
		{731EA328-4A4D-4D70-8C01-778174C98BB9}.vc90_Debug|Win32.ActiveCfg = Debug|Win32
		{731EA328-4A4D-4D70-8C01-778174C98BB9}.vc90_Debug|Win32.Build.0 = Debug|Win32
		{731EA328-4A4D-4D70-8C01-778174C98BB9}.vc90_Debug|x64.ActiveCfg = Debug|x64
		{731EA328-4A4D-4D70-8C01-778174C98BB9}.vc90_Debug|x64.Build.0 = Debug|x64
		{731EA328-4A4D-4D70-8C01-778174C98BB9}.vc90_Release|Win32.ActiveCfg = Release|Win32
		{731EA328-4A4D-4D70-8C01-778174C98BB9}.vc90_Release|Win32.Build.0 = Release|Win32
		{731EA328-4A4D-4D70-8C01-778174C98BB9}.vc90_Release|x64.ActiveCfg = Release|x64
		{731EA328-4A4D-4D70-8C01-778174C98BB9}.vc90_Release|x64.Build.0 = Release|x64
		{FC6B7C0D-91A9-4582-9D61-2A76950474EB}.Debug|Win32.ActiveCfg = Debug|Win32
		{FC6B7C0D-91A9-4582-9D61-2A76950474EB}.Debug|Win32.Build.0 = Debug|Win32
		{FC6B7C0D-91A9-4582-9D61-2A76950474EB}.Debug|x64.ActiveCfg = Debug|x64
		{FC6B7C0D-91A9-4582-9D61-2A76950474EB}.Debug|x64.Build.0 = Debug|x64
		{FC6B7C0D-91A9-4582-9D61-2A76950474EB}.Release|Win32.ActiveCfg = Release|Win32
		{FC6B7C0D-91A9-4582-9D61-2A76950474EB}.Release|Win32.Build.0 = Release|Win32
		{FC6B7C0D-91A9-4582-9D61-2A76950474EB}.Release|x64.ActiveCfg = Release|x64
		{FC6B7C0D-91A9-4582-9D61-2A76950474EB}.Release|x64.Build.0 = Release|x64
		{FC6B7C0D-91A9-4582-9D61-2A76950474EB}.vc90_Debug|Win32.ActiveCfg = vc90_Debug|Win32
		{FC6B7C0D-91A9-4582-9D61-2A76950474EB}.vc90_Debug|Win32.Build.0 = vc90_Debug|Win32
		{FC6B7C0D-91A9-4582-9D61-2A76950474EB}.vc90_Debug|x64.ActiveCfg = vc90_Debug|x64
		{FC6B7C0D-91A9-4582-9D61-2A76950474EB}.vc90_Debug|x64.Build.0 = vc90_Debug|x64
		{FC6B7C0D-91A9-4582-9D61-2A76950474EB}.vc90_Release|Win32.ActiveCfg = vc90_Release|Win32
		{FC6B7C0D-91A9-4582-9D61-2A76950474EB}.vc90_Release|Win32.Build.0 = vc90_Release|Win32
		{FC6B7C0D-91A9-4582-9D61-2A76950474EB}.vc90_Release|x64.ActiveCfg = vc90_Release|x64
		{FC6B7C0D-91A9-4582-9D61-2A76950474EB}.vc90_Release|x64.Build.0 = vc90_Release|x64
	EndGlobalSection
	GlobalSection(SolutionProperties) = preSolution
		HideSolutionNode = FALSE
	EndGlobalSection
EndGlobal
