<?xml version="1.0" encoding="utf-8"?>
<Project ToolsVersion="4.0" xmlns="http://schemas.microsoft.com/developer/msbuild/2003">
  <ItemGroup>
    <Filter Include="Source Files">
      <UniqueIdentifier>{4FC737F1-C7A5-4376-A066-2A32D752A2FF}</UniqueIdentifier>
      <Extensions>cpp;c;cc;cxx;def;odl;idl;hpj;bat;asm;asmx</Extensions>
    </Filter>
    <Filter Include="Header Files">
      <UniqueIdentifier>{93995380-89BD-4b04-88EB-625FBE52EBFB}</UniqueIdentifier>
      <Extensions>h;hpp;hxx;hm;inl;inc;xsd</Extensions>
    </Filter>
    <Filter Include="Resource Files">
      <UniqueIdentifier>{67DA6AB6-F800-4c08-8B7A-83BB121AAD01}</UniqueIdentifier>
      <Extensions>rc;ico;cur;bmp;dlg;rc2;rct;bin;rgs;gif;jpg;jpeg;jpe;resx;tiff;tif;png;wav</Extensions>
    </Filter>
  </ItemGroup>
  <ItemGroup>
    <ClInclude Include="pch.h">
      <Filter>Header Files</Filter>
    </ClInclude>
    <ClInclude Include="..\inc\oVideo\oVideoRTPStream.h">
      <Filter>Header Files</Filter>
    </ClInclude>
    <ClInclude Include="oImageDecodeCPU.h">
      <Filter>Source Files</Filter>
    </ClInclude>
    <ClInclude Include="oImageSequence.h">
      <Filter>Source Files</Filter>
    </ClInclude>
    <ClInclude Include="oRawDecodeCPU.h">
      <Filter>Source Files</Filter>
    </ClInclude>
    <ClInclude Include="oRleDecodeCPU.h">
      <Filter>Source Files</Filter>
    </ClInclude>
    <ClInclude Include="oVideoCodecD3D10.h">
      <Filter>Source Files</Filter>
    </ClInclude>
    <ClInclude Include="oVideoHelpers.h">
      <Filter>Source Files</Filter>
    </ClInclude>
    <ClInclude Include="oVideoRTPImpl.h">
      <Filter>Source Files</Filter>
    </ClInclude>
    <ClInclude Include="oVP8DecodeCPU.h">
      <Filter>Source Files</Filter>
    </ClInclude>
    <ClInclude Include="oWebmEncoder.h">
      <Filter>Source Files</Filter>
    </ClInclude>
    <ClInclude Include="oWebmEncoderCodec.h">
      <Filter>Source Files</Filter>
    </ClInclude>
    <ClInclude Include="oWebmEncoderCodecRaw420.h">
      <Filter>Source Files</Filter>
    </ClInclude>
    <ClInclude Include="oWebmEncoderCodecVP8.h">
      <Filter>Source Files</Filter>
    </ClInclude>
    <ClInclude Include="oWebmFile.h">
      <Filter>Source Files</Filter>
    </ClInclude>
    <ClInclude Include="oWebmStreaming.h">
      <Filter>Source Files</Filter>
    </ClInclude>
    <ClInclude Include="oMOVFileImpl.h">
      <Filter>Source Files</Filter>
    </ClInclude>
    <ClInclude Include="..\inc\oVideo\oVideoCodec.h">
      <Filter>Header Files</Filter>
    </ClInclude>
  </ItemGroup>
  <ItemGroup>
    <ClCompile Include="oImageDecodeCPU.cpp">
      <Filter>Source Files</Filter>
    </ClCompile>
    <ClCompile Include="oImageSequence.cpp">
      <Filter>Source Files</Filter>
    </ClCompile>
    <ClCompile Include="oRawDecodeCPU.cpp">
      <Filter>Source Files</Filter>
    </ClCompile>
    <ClCompile Include="oRleDecodeCPU.cpp">
      <Filter>Source Files</Filter>
    </ClCompile>
    <ClCompile Include="oVideoCodec.cpp">
      <Filter>Source Files</Filter>
    </ClCompile>
    <ClCompile Include="oVideoCodecD3D.cpp">
      <Filter>Source Files</Filter>
    </ClCompile>
    <ClCompile Include="oVideoCodecD3D10.cpp">
      <Filter>Source Files</Filter>
    </ClCompile>
    <ClCompile Include="oVideoRTPImpl.cpp">
      <Filter>Source Files</Filter>
    </ClCompile>
    <ClCompile Include="oVideoRTPStream.cpp">
      <Filter>Source Files</Filter>
    </ClCompile>
    <ClCompile Include="oVP8DecodeCPU.cpp">
      <Filter>Source Files</Filter>
    </ClCompile>
    <ClCompile Include="oWebmEncoder.cpp">
      <Filter>Source Files</Filter>
    </ClCompile>
    <ClCompile Include="oWebmEncoderCodec.cpp">
      <Filter>Source Files</Filter>
    </ClCompile>
    <ClCompile Include="oWebmEncoderCodecRaw420.cpp">
      <Filter>Source Files</Filter>
    </ClCompile>
    <ClCompile Include="oWebmEncoderCodecVP8.cpp">
      <Filter>Source Files</Filter>
    </ClCompile>
    <ClCompile Include="oWebmFile.cpp">
      <Filter>Source Files</Filter>
    </ClCompile>
    <ClCompile Include="oWebmStreaming.cpp">
      <Filter>Source Files</Filter>
    </ClCompile>
    <ClCompile Include="pch.cpp">
      <Filter>Source Files</Filter>
    </ClCompile>
    <ClCompile Include="oMOVFileImpl.cpp">
      <Filter>Source Files</Filter>
    </ClCompile>
    <ClCompile Include="oWebXFile.cpp">
      <Filter>Source Files</Filter>
    </ClCompile>
  </ItemGroup>
  <ItemGroup>
    <None Include="exports.def">
      <Filter>Source Files</Filter>
    </None>
  </ItemGroup>
  <ItemGroup>
    <FXC Include="oHLSLYUVTORGB.sh">
      <Filter>Source Files</Filter>
    </FXC>
  </ItemGroup>
</Project>