<?xml version="1.0" encoding="utf-8"?>
<Project ToolsVersion="4.0" xmlns="http://schemas.microsoft.com/developer/msbuild/2003">
  <ItemGroup>
    <Filter Include="Source Files">
      <UniqueIdentifier>31C3FA3C-B981-D8EA-09B8-0E2657300F45</UniqueIdentifier>
      <Extensions>c;def;odl;idl;hpj;bat;asm;asmx</Extensions>
    </Filter>
    <Filter Include="Header Files">
      <UniqueIdentifier>509BC765-645F-951B-DE56-E3E52A11AFB3</UniqueIdentifier>
      <Extensions>h;hm;inl;inc;xsd</Extensions>
    </Filter>
    <Filter Include="Resource Files">
      <UniqueIdentifier>9F22CC3E-64BC-7D28-BCB4-7F025AFF0211</UniqueIdentifier>
      <Extensions>rc;ico;cur;bmp;dlg;rc2;rct;bin;rgs;gif;jpg;jpeg;jpe;resx;tiff;tif;png;wav</Extensions>
    </Filter>
    <Filter Include="Build Files">
      <UniqueIdentifier>97287FAD-1C58-797F-C44E-F9A78BEA5782</UniqueIdentifier>
      <Extensions>mk</Extensions>
    </Filter>
  </ItemGroup>
  <ItemGroup>
    <ClCompile Include="..\src\postproc.c">
      <Filter>Source Files</Filter>
    </ClCompile>
  </ItemGroup>
  <ItemGroup>
    <None Include="..\src\examples.mk">
      <Filter>Build Files</Filter>
    </None>
  </ItemGroup>
</Project>