<?xml version="1.0" encoding="utf-8"?>
<Project ToolsVersion="4.0" xmlns="http://schemas.microsoft.com/developer/msbuild/2003">
  <ItemGroup>
    <Filter Include="Source Files">
      <UniqueIdentifier>CB4CDF2A-8138-20AD-1901-208F736B1FE2</UniqueIdentifier>
      <Extensions>c;def;odl;idl;hpj;bat;asm;asmx</Extensions>
    </Filter>
    <Filter Include="Header Files">
      <UniqueIdentifier>71069B63-42E3-D792-B1A9-9848C34252DB</UniqueIdentifier>
      <Extensions>h;hm;inl;inc;xsd</Extensions>
    </Filter>
    <Filter Include="Resource Files">
      <UniqueIdentifier>88A302D3-9B20-3B31-83BB-5DDF9187F75F</UniqueIdentifier>
      <Extensions>rc;ico;cur;bmp;dlg;rc2;rct;bin;rgs;gif;jpg;jpeg;jpe;resx;tiff;tif;png;wav</Extensions>
    </Filter>
    <Filter Include="Build Files">
      <UniqueIdentifier>11B48136-CB61-F8B4-7998-AF7DCAA98180</UniqueIdentifier>
      <Extensions>mk</Extensions>
    </Filter>
  </ItemGroup>
  <ItemGroup>
    <ClCompile Include="..\src\args.c">
      <Filter>Source Files</Filter>
    </ClCompile>
    <ClCompile Include="..\src\libmkv\EbmlWriter.c">
      <Filter>Source Files</Filter>
    </ClCompile>
    <ClCompile Include="..\src\tools_common.c">
      <Filter>Source Files</Filter>
    </ClCompile>
    <ClCompile Include="..\src\vpxenc.c">
      <Filter>Source Files</Filter>
    </ClCompile>
    <ClCompile Include="..\src\y4minput.c">
      <Filter>Source Files</Filter>
    </ClCompile>
  </ItemGroup>
  <ItemGroup>
    <ClInclude Include="..\src\args.h">
      <Filter>Header Files</Filter>
    </ClInclude>
    <ClInclude Include="..\src\vpx_ports\config.h">
      <Filter>Header Files</Filter>
    </ClInclude>
    <ClInclude Include="..\src\libmkv\EbmlIDs.h">
      <Filter>Header Files</Filter>
    </ClInclude>
    <ClInclude Include="..\src\libmkv\EbmlWriter.h">
      <Filter>Header Files</Filter>
    </ClInclude>
    <ClInclude Include="..\src\vpx_ports\mem_ops.h">
      <Filter>Header Files</Filter>
    </ClInclude>
    <ClInclude Include="..\src\vpx_ports\mem_ops_aligned.h">
      <Filter>Header Files</Filter>
    </ClInclude>
    <ClInclude Include="..\src\tools_common.h">
      <Filter>Header Files</Filter>
    </ClInclude>
    <ClInclude Include="..\src\y4minput.h">
      <Filter>Header Files</Filter>
    </ClInclude>
  </ItemGroup>
  <ItemGroup>
    <None Include="..\src\examples.mk">
      <Filter>Build Files</Filter>
    </None>
  </ItemGroup>
</Project>