<?xml version="1.0" encoding="utf-8"?>
<Project ToolsVersion="4.0" xmlns="http://schemas.microsoft.com/developer/msbuild/2003">
  <ItemGroup>
    <Filter Include="Headers">
      <UniqueIdentifier>{dda806aa-13b7-4374-9528-25e1c324c232}</UniqueIdentifier>
    </Filter>
    <Filter Include="Source">
      <UniqueIdentifier>{e9fa3a3c-463d-4016-bdc6-781a07097559}</UniqueIdentifier>
    </Filter>
    <Filter Include="Source\Windows">
      <UniqueIdentifier>{4f23875d-6e9f-491f-b4bb-c2e3d3d000b5}</UniqueIdentifier>
    </Filter>
    <Filter Include="Source\Windows\Soft-Link">
      <UniqueIdentifier>{eaaf7035-5cb6-4a99-92f0-e23a3137abc8}</UniqueIdentifier>
    </Filter>
    <Filter Include="Headers\Concurrency">
      <UniqueIdentifier>{31998618-549c-44a1-b5e8-5e00ce54d8ae}</UniqueIdentifier>
    </Filter>
    <Filter Include="Headers\Code Management">
      <UniqueIdentifier>{a28a7d3f-9307-4cf6-a02b-30891ba61398}</UniqueIdentifier>
    </Filter>
    <Filter Include="Headers\IO">
      <UniqueIdentifier>{f2e9a500-bf70-4551-a87c-16ccf6b58983}</UniqueIdentifier>
    </Filter>
    <Filter Include="Headers\Memory">
      <UniqueIdentifier>{407e7a63-710b-49c2-97b3-d6280cb12154}</UniqueIdentifier>
    </Filter>
    <Filter Include="Headers\UI">
      <UniqueIdentifier>{af021ec5-012f-4603-b440-708fe0820896}</UniqueIdentifier>
    </Filter>
    <Filter Include="Headers\Windows API Convenience Wrappers">
      <UniqueIdentifier>{f82bf6e4-b459-4db5-ba1a-e7c2198b4cb3}</UniqueIdentifier>
    </Filter>
    <Filter Include="Headers\Peripherals">
      <UniqueIdentifier>{c277a74e-1f50-4f61-98ab-f9ddb57745d8}</UniqueIdentifier>
    </Filter>
    <Filter Include="Headers\Shaders">
      <UniqueIdentifier>{8a666cb6-2f49-41c2-b615-21a390cb9482}</UniqueIdentifier>
    </Filter>
  </ItemGroup>
  <ItemGroup>
    <ClInclude Include="oKeyState.h">
      <Filter>Source</Filter>
    </ClInclude>
    <ClInclude Include="pch.h">
      <Filter>Source</Filter>
    </ClInclude>
    <ClInclude Include="oWinsock.h">
      <Filter>Source\Windows\Soft-Link</Filter>
    </ClInclude>
    <ClInclude Include="oDbgHelp.h">
      <Filter>Source\Windows\Soft-Link</Filter>
    </ClInclude>
    <ClInclude Include="oWinDWMAPI.h">
      <Filter>Source\Windows\Soft-Link</Filter>
    </ClInclude>
    <ClInclude Include="oWinPSAPI.h">
      <Filter>Source\Windows\Soft-Link</Filter>
    </ClInclude>
    <ClInclude Include="oCRTLeakTracker.h">
      <Filter>Source\Windows</Filter>
    </ClInclude>
    <ClInclude Include="oSpinlockEx.h">
      <Filter>Source</Filter>
    </ClInclude>
    <ClInclude Include="oGDIWindowUI.h">
      <Filter>Source\Windows</Filter>
    </ClInclude>
    <ClInclude Include="oWindowUIElementBaseMixin.h">
      <Filter>Source\Windows</Filter>
    </ClInclude>
    <ClInclude Include="oD2DWindowUI.h">
      <Filter>Source\Windows</Filter>
    </ClInclude>
    <ClInclude Include="oCamera_QEdit.h">
      <Filter>Source\Windows</Filter>
    </ClInclude>
    <ClInclude Include="oIOCP.h">
      <Filter>Headers\Windows API Convenience Wrappers</Filter>
    </ClInclude>
    <ClInclude Include="oWinPowrProf.h">
      <Filter>Source\Windows\Soft-Link</Filter>
    </ClInclude>
    <ClInclude Include="..\inc\oPlatform\oModule.h">
      <Filter>Headers\Code Management</Filter>
    </ClInclude>
    <ClInclude Include="..\inc\oPlatform\oReporting.h">
      <Filter>Headers\Code Management</Filter>
    </ClInclude>
    <ClInclude Include="..\inc\oPlatform\oSingleton.h">
      <Filter>Headers\Code Management</Filter>
    </ClInclude>
    <ClInclude Include="..\inc\oPlatform\oVTable.h">
      <Filter>Headers\Code Management</Filter>
    </ClInclude>
    <ClInclude Include="..\inc\oPlatform\oDebugger.h">
      <Filter>Headers\Code Management</Filter>
    </ClInclude>
    <ClInclude Include="..\inc\oPlatform\oCamera.h">
      <Filter>Headers\Peripherals</Filter>
    </ClInclude>
    <ClInclude Include="..\inc\oPlatform\oCPU.h">
      <Filter>Headers\Peripherals</Filter>
    </ClInclude>
    <ClInclude Include="..\inc\oPlatform\oSystem.h">
      <Filter>Headers\Peripherals</Filter>
    </ClInclude>
    <ClInclude Include="..\inc\oPlatform\oGPU.h">
      <Filter>Headers\Peripherals</Filter>
    </ClInclude>
    <ClInclude Include="..\inc\oPlatform\oFile.h">
      <Filter>Headers\IO</Filter>
    </ClInclude>
    <ClInclude Include="..\inc\oPlatform\oConsole.h">
      <Filter>Headers\UI</Filter>
    </ClInclude>
    <ClInclude Include="..\inc\oPlatform\oMsgBox.h">
      <Filter>Headers\UI</Filter>
    </ClInclude>
    <ClInclude Include="..\inc\oPlatform\oWindow.h">
      <Filter>Headers\UI</Filter>
    </ClInclude>
    <ClInclude Include="..\inc\oPlatform\oProgressBar.h">
      <Filter>Headers\UI</Filter>
    </ClInclude>
    <ClInclude Include="..\inc\oPlatform\oPageAllocator.h">
      <Filter>Headers\Memory</Filter>
    </ClInclude>
    <ClInclude Include="..\inc\oPlatform\oMirroredArena.h">
      <Filter>Headers\Memory</Filter>
    </ClInclude>
    <ClInclude Include="..\inc\oPlatform\oProcessHeap.h">
      <Filter>Headers\Memory</Filter>
    </ClInclude>
    <ClInclude Include="..\inc\oPlatform\oSerialCom.h">
      <Filter>Headers\IO</Filter>
    </ClInclude>
    <ClInclude Include="..\inc\oPlatform\oSocket.h">
      <Filter>Headers\IO</Filter>
    </ClInclude>
    <ClInclude Include="..\inc\oPlatform\oDisplay.h">
      <Filter>Headers\Peripherals</Filter>
    </ClInclude>
    <ClInclude Include="..\inc\oPlatform\oD2D.h">
      <Filter>Headers\Windows API Convenience Wrappers</Filter>
    </ClInclude>
    <ClInclude Include="..\inc\oPlatform\oGDI.h">
      <Filter>Headers\Windows API Convenience Wrappers</Filter>
    </ClInclude>
    <ClInclude Include="..\inc\oPlatform\oD3D10.h">
      <Filter>Headers\Windows API Convenience Wrappers</Filter>
    </ClInclude>
    <ClInclude Include="..\inc\oPlatform\oD3D11.h">
      <Filter>Headers\Windows API Convenience Wrappers</Filter>
    </ClInclude>
    <ClInclude Include="..\inc\oPlatform\oD3DX11.h">
      <Filter>Headers\Windows API Convenience Wrappers</Filter>
    </ClInclude>
    <ClInclude Include="..\inc\oPlatform\oDXGI.h">
      <Filter>Headers\Windows API Convenience Wrappers</Filter>
    </ClInclude>
    <ClInclude Include="..\inc\oPlatform\oWinAsString.h">
      <Filter>Headers\Windows API Convenience Wrappers</Filter>
    </ClInclude>
    <ClInclude Include="..\inc\oPlatform\oWindows.h">
      <Filter>Headers\Windows API Convenience Wrappers</Filter>
    </ClInclude>
    <ClInclude Include="..\inc\oPlatform\oWinRect.h">
      <Filter>Headers\Windows API Convenience Wrappers</Filter>
    </ClInclude>
    <ClInclude Include="..\inc\oPlatform\oWinTray.h">
      <Filter>Headers\Windows API Convenience Wrappers</Filter>
    </ClInclude>
    <ClInclude Include="..\inc\oPlatform\oWindowUI.h">
      <Filter>Headers\UI</Filter>
    </ClInclude>
    <ClInclude Include="..\inc\oPlatform\oWinWindowing.h">
      <Filter>Headers\Windows API Convenience Wrappers</Filter>
    </ClInclude>
    <ClInclude Include="..\inc\oPlatform\oEvent.h">
      <Filter>Headers\Concurrency</Filter>
    </ClInclude>
    <ClInclude Include="..\inc\oPlatform\oProcess.h">
      <Filter>Headers\Concurrency</Filter>
    </ClInclude>
    <ClInclude Include="..\inc\oPlatform\oPlatform.h">
      <Filter>Headers</Filter>
    </ClInclude>
    <ClInclude Include="..\inc\oPlatform\oHLSL.h">
      <Filter>Headers\Shaders</Filter>
    </ClInclude>
    <ClInclude Include="..\inc\oPlatform\oHLSLDeferredView.h">
      <Filter>Headers\Shaders</Filter>
    </ClInclude>
    <ClInclude Include="..\inc\oPlatform\oP4.h">
      <Filter>Headers\IO</Filter>
    </ClInclude>
    <ClInclude Include="..\inc\oPlatform\oDateTime.h">
      <Filter>Headers\IO</Filter>
    </ClInclude>
    <ClInclude Include="..\inc\oPlatform\oStddef.h">
      <Filter>Headers</Filter>
    </ClInclude>
    <ClInclude Include="..\inc\oPlatform\oImage.h">
      <Filter>Headers\IO</Filter>
    </ClInclude>
    <ClInclude Include="..\inc\oPlatform\oDispatchQueueConcurrentWTP.h">
      <Filter>Headers\Concurrency</Filter>
    </ClInclude>
    <ClInclude Include="..\inc\oPlatform\oThreadX.h">
      <Filter>Headers\Concurrency</Filter>
    </ClInclude>
    <ClInclude Include="..\inc\oPlatform\oTest.h">
      <Filter>Headers\Code Management</Filter>
    </ClInclude>
    <ClInclude Include="..\inc\oPlatform\oStandards.h">
      <Filter>Headers</Filter>
    </ClInclude>
    <ClInclude Include="..\inc\oPlatform\oCRTHeap.h">
      <Filter>Headers\Memory</Filter>
    </ClInclude>
    <ClInclude Include="oStaticMutex.h">
      <Filter>Source</Filter>
    </ClInclude>
    <ClInclude Include="oOpenSSL.h">
      <Filter>Source</Filter>
    </ClInclude>
    <ClInclude Include="FreeImageHelpers.h">
      <Filter>Source</Filter>
    </ClInclude>
    <ClInclude Include="..\inc\oPlatform\oX11KeyboardSymbols.h">
      <Filter>Headers\UI</Filter>
    </ClInclude>
    <ClInclude Include="..\inc\oPlatform\oVKToX11Keyboard.h">
      <Filter>Headers\UI</Filter>
    </ClInclude>
    <ClInclude Include="oWinCommCtrl.h">
      <Filter>Source\Windows\Soft-Link</Filter>
    </ClInclude>
  </ItemGroup>
  <ItemGroup>
    <ClCompile Include="oConsole.cpp">
      <Filter>Source</Filter>
    </ClCompile>
    <ClCompile Include="oCPU.cpp">
      <Filter>Source</Filter>
    </ClCompile>
    <ClCompile Include="oDebugger.cpp">
      <Filter>Source</Filter>
    </ClCompile>
    <ClCompile Include="oDisplay.cpp">
      <Filter>Source</Filter>
    </ClCompile>
    <ClCompile Include="oEvent.cpp">
      <Filter>Source</Filter>
    </ClCompile>
    <ClCompile Include="oGPU.cpp">
      <Filter>Source</Filter>
    </ClCompile>
    <ClCompile Include="oImage.cpp">
      <Filter>Source</Filter>
    </ClCompile>
    <ClCompile Include="oMirroredArena.cpp">
      <Filter>Source</Filter>
    </ClCompile>
    <ClCompile Include="oMsgBox.cpp">
      <Filter>Source</Filter>
    </ClCompile>
    <ClCompile Include="oooii_icon.cpp">
      <Filter>Source</Filter>
    </ClCompile>
    <ClCompile Include="oP4.cpp">
      <Filter>Source</Filter>
    </ClCompile>
    <ClCompile Include="oPageAllocator.cpp">
      <Filter>Source</Filter>
    </ClCompile>
    <ClCompile Include="oProcess.cpp">
      <Filter>Source</Filter>
    </ClCompile>
    <ClCompile Include="oSingleton.cpp">
      <Filter>Source</Filter>
    </ClCompile>
    <ClCompile Include="oSocket.cpp">
      <Filter>Source</Filter>
    </ClCompile>
    <ClCompile Include="oTest.cpp">
      <Filter>Source</Filter>
    </ClCompile>
    <ClCompile Include="oVTable.cpp">
      <Filter>Source</Filter>
    </ClCompile>
    <ClCompile Include="pch.cpp">
      <Filter>Source</Filter>
    </ClCompile>
    <ClCompile Include="oModule.cpp">
      <Filter>Source</Filter>
    </ClCompile>
    <ClCompile Include="oProcessHeap.cpp">
      <Filter>Source</Filter>
    </ClCompile>
    <ClCompile Include="oFile.cpp">
      <Filter>Source</Filter>
    </ClCompile>
    <ClCompile Include="oStandards.cpp">
      <Filter>Source</Filter>
    </ClCompile>
    <ClCompile Include="oProgressBar.cpp">
      <Filter>Source</Filter>
    </ClCompile>
    <ClCompile Include="oDbgHelp.cpp">
      <Filter>Source\Windows\Soft-Link</Filter>
    </ClCompile>
    <ClCompile Include="oWinDWMAPI.cpp">
      <Filter>Source\Windows\Soft-Link</Filter>
    </ClCompile>
    <ClCompile Include="oWinPSAPI.cpp">
      <Filter>Source\Windows\Soft-Link</Filter>
    </ClCompile>
    <ClCompile Include="oWinsock.cpp">
      <Filter>Source\Windows\Soft-Link</Filter>
    </ClCompile>
    <ClCompile Include="oD3D10.cpp">
      <Filter>Source\Windows</Filter>
    </ClCompile>
    <ClCompile Include="oD3DX11.cpp">
      <Filter>Source\Windows</Filter>
    </ClCompile>
    <ClCompile Include="oD3D11.cpp">
      <Filter>Source\Windows</Filter>
    </ClCompile>
    <ClCompile Include="oCRTLeakTracker.cpp">
      <Filter>Source\Windows</Filter>
    </ClCompile>
    <ClCompile Include="oIOCP.cpp">
      <Filter>Source\Windows</Filter>
    </ClCompile>
    <ClCompile Include="oWindow.cpp">
      <Filter>Source\Windows</Filter>
    </ClCompile>
    <ClCompile Include="oWindows.cpp">
      <Filter>Source\Windows</Filter>
    </ClCompile>
    <ClCompile Include="oSerialCom.cpp">
      <Filter>Source</Filter>
    </ClCompile>
    <ClCompile Include="oD3D10.cpp">
      <Filter>Source\Windows</Filter>
    </ClCompile>
    <ClCompile Include="oD3D11.cpp">
      <Filter>Source\Windows</Filter>
    </ClCompile>
    <ClCompile Include="oD3DX11.cpp">
      <Filter>Source\Windows</Filter>
    </ClCompile>
    <ClCompile Include="oDXGI.cpp">
      <Filter>Source\Windows</Filter>
    </ClCompile>
    <ClCompile Include="oGDI.cpp">
      <Filter>Source\Windows</Filter>
    </ClCompile>
    <ClCompile Include="oGDIWindowUI.cpp">
      <Filter>Source\Windows</Filter>
    </ClCompile>
    <ClCompile Include="oWindowUI.cpp">
      <Filter>Source\Windows</Filter>
    </ClCompile>
    <ClCompile Include="oD2DWindowUI.cpp">
      <Filter>Source\Windows</Filter>
    </ClCompile>
    <ClCompile Include="oD2D.cpp">
      <Filter>Source\Windows</Filter>
    </ClCompile>
    <ClCompile Include="oWinTray.cpp">
      <Filter>Source\Windows</Filter>
    </ClCompile>
    <ClCompile Include="oWinWindowing.cpp">
      <Filter>Source\Windows</Filter>
    </ClCompile>
    <ClCompile Include="oWinAsString.cpp">
      <Filter>Source\Windows</Filter>
    </ClCompile>
    <ClCompile Include="oWinRect.cpp">
      <Filter>Source\Windows</Filter>
    </ClCompile>
    <ClCompile Include="oCamera.cpp">
      <Filter>Source\Windows</Filter>
    </ClCompile>
    <ClCompile Include="oReporting.cpp">
      <Filter>Source</Filter>
    </ClCompile>
    <ClCompile Include="oSystem.cpp">
      <Filter>Source</Filter>
    </ClCompile>
    <ClCompile Include="oWinPowrProf.cpp">
      <Filter>Source\Windows\Soft-Link</Filter>
    </ClCompile>
    <ClCompile Include="oFileGeneric.cpp">
      <Filter>Source</Filter>
    </ClCompile>
    <ClCompile Include="oTBBTask.cpp">
      <Filter>Source</Filter>
    </ClCompile>
    <ClCompile Include="oDateTime.cpp">
      <Filter>Source</Filter>
    </ClCompile>
    <ClCompile Include="oDispatchQueueConcurrentWTP.cpp">
      <Filter>Source</Filter>
    </ClCompile>
    <ClCompile Include="oThreadX.cpp">
      <Filter>Source</Filter>
    </ClCompile>
    <ClCompile Include="oCRTHeap.cpp">
      <Filter>Source</Filter>
    </ClCompile>
    <ClCompile Include="oOpenSSL.cpp">
      <Filter>Source</Filter>
    </ClCompile>
    <ClCompile Include="FreeImageHelpers.cpp">
      <Filter>Source</Filter>
    </ClCompile>
    <ClCompile Include="oVKToX11Keyboard.cpp">
      <Filter>Source</Filter>
    </ClCompile>
    <ClCompile Include="oWinCommCtrl.cpp">
      <Filter>Source\Windows\Soft-Link</Filter>
    </ClCompile>
  </ItemGroup>
  <ItemGroup>
    <FXC Include="oHLSLFSQuad.sh">
      <Filter>Source</Filter>
    </FXC>
    <FXC Include="oHLSLPassthrough.sh">
      <Filter>Source</Filter>
    </FXC>
  </ItemGroup>
</Project>