<?xml version="1.0" encoding="utf-8"?>
<Project ToolsVersion="4.0" xmlns="http://schemas.microsoft.com/developer/msbuild/2003">
  <ItemGroup>
    <Filter Include="Source">
      <UniqueIdentifier>{146bcf41-4610-4cf5-9ab2-a230d0a3a227}</UniqueIdentifier>
    </Filter>
    <Filter Include="oGfx">
      <UniqueIdentifier>{16f4291d-2486-4ac6-8721-b1ae9862fa7b}</UniqueIdentifier>
    </Filter>
  </ItemGroup>
  <ItemGroup>
    <ClCompile Include="pch.cpp">
      <Filter>Source</Filter>
    </ClCompile>
    <ClCompile Include="oGfxState.cpp">
      <Filter>Source</Filter>
    </ClCompile>
  </ItemGroup>
  <ItemGroup>
    <ClInclude Include="pch.h">
      <Filter>Source</Filter>
    </ClInclude>
    <ClInclude Include="..\inc\oGfx\oGfx.h">
      <Filter>oGfx</Filter>
    </ClInclude>
    <ClInclude Include="..\inc\oGfx\oGfxState.h">
      <Filter>oGfx</Filter>
    </ClInclude>
  </ItemGroup>
</Project>